
Microsoft Visual Studio Solution File, Format Version 12.00
# Visual Studio Version 17
VisualStudioVersion = 17.0.31919.166
MinimumVisualStudioVersion = 10.0.40219.1
Project("{FAE04EC0-301F-11D3-BF4B-00C04F79EFBC}") = "03-ConditionalStructure", "03-ConditionalStructure\03-ConditionalStructure.csproj", "{CAD63D67-3EC0-4F6E-8A39-BFC35E134FA6}"
EndProject
Global
	GlobalSection(SolutionConfigurationPlatforms) = preSolution
		Debug|Any CPU = Debug|Any CPU
		Release|Any CPU = Release|Any CPU
	EndGlobalSection
	GlobalSection(ProjectConfigurationPlatforms) = postSolution
		{CAD63D67-3EC0-4F6E-8A39-BFC35E134FA6}.Debug|Any CPU.ActiveCfg = Debug|Any CPU
		{CAD63D67-3EC0-4F6E-8A39-BFC35E134FA6}.Debug|Any CPU.Build.0 = Debug|Any CPU
		{CAD63D67-3EC0-4F6E-8A39-BFC35E134FA6}.Release|Any CPU.ActiveCfg = Release|Any CPU
		{CAD63D67-3EC0-4F6E-8A39-BFC35E134FA6}.Release|Any CPU.Build.0 = Release|Any CPU
	EndGlobalSection
	GlobalSection(SolutionProperties) = preSolution
		HideSolutionNode = FALSE
	EndGlobalSection
	GlobalSection(ExtensibilityGlobals) = postSolution
		SolutionGuid = {AF152130-B989-4A48-92CA-A8D76AA9665F}
	EndGlobalSection
EndGlobal
