
Microsoft Visual Studio Solution File, Format Version 12.00
# Visual Studio Version 17
VisualStudioVersion = 17.0.31919.166
MinimumVisualStudioVersion = 10.0.40219.1
Project("{FAE04EC0-301F-11D3-BF4B-00C04F79EFBC}") = "04-Parse", "04-Parse\04-Parse.csproj", "{03843665-D8B6-4FA8-AD8B-991F382DA89B}"
EndProject
Global
	GlobalSection(SolutionConfigurationPlatforms) = preSolution
		Debug|Any CPU = Debug|Any CPU
		Release|Any CPU = Release|Any CPU
	EndGlobalSection
	GlobalSection(ProjectConfigurationPlatforms) = postSolution
		{03843665-D8B6-4FA8-AD8B-991F382DA89B}.Debug|Any CPU.ActiveCfg = Debug|Any CPU
		{03843665-D8B6-4FA8-AD8B-991F382DA89B}.Debug|Any CPU.Build.0 = Debug|Any CPU
		{03843665-D8B6-4FA8-AD8B-991F382DA89B}.Release|Any CPU.ActiveCfg = Release|Any CPU
		{03843665-D8B6-4FA8-AD8B-991F382DA89B}.Release|Any CPU.Build.0 = Release|Any CPU
	EndGlobalSection
	GlobalSection(SolutionProperties) = preSolution
		HideSolutionNode = FALSE
	EndGlobalSection
	GlobalSection(ExtensibilityGlobals) = postSolution
		SolutionGuid = {86F625CE-92EC-4516-B9E7-4D3260428228}
	EndGlobalSection
EndGlobal
